
Microsoft Visual Studio Solution File, Format Version 12.00
# Visual Studio Version 17
VisualStudioVersion = 17.6.33829.357
MinimumVisualStudioVersion = 10.0.40219.1
Project("{FAE04EC0-301F-11D3-BF4B-00C04F79EFBC}") = "BookCRUDArray", "BookCRUDArray\BookCRUDArray.csproj", "{E796D3E9-20CA-4B46-822A-5FA1E3EFDFC3}"
EndProject
Global
	GlobalSection(SolutionConfigurationPlatforms) = preSolution
		Debug|Any CPU = Debug|Any CPU
		Release|Any CPU = Release|Any CPU
	EndGlobalSection
	GlobalSection(ProjectConfigurationPlatforms) = postSolution
		{E796D3E9-20CA-4B46-822A-5FA1E3EFDFC3}.Debug|Any CPU.ActiveCfg = Debug|Any CPU
		{E796D3E9-20CA-4B46-822A-5FA1E3EFDFC3}.Debug|Any CPU.Build.0 = Debug|Any CPU
		{E796D3E9-20CA-4B46-822A-5FA1E3EFDFC3}.Release|Any CPU.ActiveCfg = Release|Any CPU
		{E796D3E9-20CA-4B46-822A-5FA1E3EFDFC3}.Release|Any CPU.Build.0 = Release|Any CPU
	EndGlobalSection
	GlobalSection(SolutionProperties) = preSolution
		HideSolutionNode = FALSE
	EndGlobalSection
	GlobalSection(ExtensibilityGlobals) = postSolution
		SolutionGuid = {69E195F7-E5E3-4235-981F-79360C1C407E}
	EndGlobalSection
EndGlobal
